<?xml version="1.0" encoding="utf-8"?>
<Project ToolsVersion="4.0" xmlns="http://schemas.microsoft.com/developer/msbuild/2003">
  <ItemGroup>
    <Filter Include="Source Files">
      <UniqueIdentifier>{4FC737F1-C7A5-4376-A066-2A32D752A2FF}</UniqueIdentifier>
      <Extensions>cpp;c;cc;cxx;def;odl;idl;hpj;bat;asm;asmx</Extensions>
    </Filter>
    <Filter Include="Header Files">
      <UniqueIdentifier>{93995380-89BD-4b04-88EB-625FBE52EBFB}</UniqueIdentifier>
      <Extensions>h;hh;hpp;hxx;hm;inl;inc;xsd</Extensions>
    </Filter>
    <Filter Include="Resource Files">
      <UniqueIdentifier>{67DA6AB6-F800-4c08-8B7A-83BB121AAD01}</UniqueIdentifier>
      <Extensions>rc;ico;cur;bmp;dlg;rc2;rct;bin;rgs;gif;jpg;jpeg;jpe;resx;tiff;tif;png;wav</Extensions>
    </Filter>
  </ItemGroup>
  <ItemGroup>
    <ClCompile Include="source\core\application.cpp">
      <Filter>Source Files</Filter>
    </ClCompile>
    <ClCompile Include="source\platform\windows\entrypoint.cpp">
      <Filter>Source Files</Filter>
    </ClCompile>
    <ClCompile Include="source\pch.cpp">
      <Filter>Source Files</Filter>
    </ClCompile>
    <ClCompile Include="source\renderer\dx12\dx12_backend.cpp">
      <Filter>Source Files</Filter>
    </ClCompile>
    <ClCompile Include="extern\imgui\imgui.cpp">
      <Filter>Source Files</Filter>
    </ClCompile>
    <ClCompile Include="extern\imgui\imgui_draw.cpp">
      <Filter>Source Files</Filter>
    </ClCompile>
    <ClCompile Include="extern\imgui\imgui_tables.cpp">
      <Filter>Source Files</Filter>
    </ClCompile>
    <ClCompile Include="extern\imgui\imgui_widgets.cpp">
      <Filter>Source Files</Filter>
    </ClCompile>
    <ClCompile Include="extern\imgui\imgui_impl_dx12.cpp">
      <Filter>Source Files</Filter>
    </ClCompile>
    <ClCompile Include="extern\imgui\imgui_impl_win32.cpp">
      <Filter>Source Files</Filter>
    </ClCompile>
    <ClCompile Include="source\core\camera\camera.cpp">
      <Filter>Source Files</Filter>
    </ClCompile>
    <ClCompile Include="source\platform\windows\input.cpp">
      <Filter>Source Files</Filter>
    </ClCompile>
    <ClCompile Include="source\core\camera\camera_controller.cpp">
      <Filter>Source Files</Filter>
    </ClCompile>
    <ClCompile Include="source\core\scene.cpp">
      <Filter>Source Files</Filter>
    </ClCompile>
    <ClCompile Include="source\core\threadpool.cpp">
      <Filter>Source Files</Filter>
    </ClCompile>
    <ClCompile Include="source\core\assets\asset_loader.cpp">
      <Filter>Source Files</Filter>
    </ClCompile>
    <ClCompile Include="source\renderer\acceleration_structure\tlas_builder.cpp">
      <Filter>Source Files</Filter>
    </ClCompile>
    <ClCompile Include="source\platform\windows\virtual_memory.cpp">
      <Filter>Source Files</Filter>
    </ClCompile>
    <ClCompile Include="source\core\memory\memory_arena.cpp">
      <Filter>Source Files</Filter>
    </ClCompile>
    <ClCompile Include="source\renderer\renderer.cpp">
      <Filter>Source Files</Filter>
    </ClCompile>
    <ClCompile Include="source\renderer\gpupathtracer.cpp">
      <Filter>Source Files</Filter>
    </ClCompile>
    <ClCompile Include="source\renderer\dx12\dx12_descriptor.cpp">
      <Filter>Source Files</Filter>
    </ClCompile>
    <ClCompile Include="source\renderer\dx12\dx12_resource.cpp">
      <Filter>Source Files</Filter>
    </ClCompile>
    <ClCompile Include="source\renderer\acceleration_structure\bvh_builder.cpp">
      <Filter>Source Files</Filter>
    </ClCompile>
    <ClCompile Include="source\renderer\cpupathtracer.cpp">
      <Filter>Source Files</Filter>
    </ClCompile>
  </ItemGroup>
  <ItemGroup>
    <ClInclude Include="source\core\application.h">
      <Filter>Header Files</Filter>
    </ClInclude>
    <ClInclude Include="source\core\logger.h">
      <Filter>Header Files</Filter>
    </ClInclude>
    <ClInclude Include="source\pch.h">
      <Filter>Header Files</Filter>
    </ClInclude>
    <ClInclude Include="source\core\assertion.h">
      <Filter>Header Files</Filter>
    </ClInclude>
    <ClInclude Include="source\renderer\dx12\dx12_backend.h">
      <Filter>Header Files</Filter>
    </ClInclude>
    <ClInclude Include="source\core\common.h">
      <Filter>Header Files</Filter>
    </ClInclude>
    <ClInclude Include="extern\imgui\imgui.h">
      <Filter>Header Files</Filter>
    </ClInclude>
    <ClInclude Include="extern\imgui\imgui_internal.h">
      <Filter>Header Files</Filter>
    </ClInclude>
    <ClInclude Include="extern\imgui\imgui_impl_dx12.h">
      <Filter>Header Files</Filter>
    </ClInclude>
    <ClInclude Include="extern\imgui\imgui_impl_win32.h">
      <Filter>Header Files</Filter>
    </ClInclude>
    <ClInclude Include="source\core\camera\camera.h">
      <Filter>Header Files</Filter>
    </ClInclude>
    <ClInclude Include="source\renderer\raytracing_utils.h">
      <Filter>Header Files</Filter>
    </ClInclude>
    <ClInclude Include="source\renderer\raytracing_types.h">
      <Filter>Header Files</Filter>
    </ClInclude>
    <ClInclude Include="source\core\input.h">
      <Filter>Header Files</Filter>
    </ClInclude>
    <ClInclude Include="source\core\camera\camera_controller.h">
      <Filter>Header Files</Filter>
    </ClInclude>
    <ClInclude Include="source\core\scene.h">
      <Filter>Header Files</Filter>
    </ClInclude>
    <ClInclude Include="source\core\random.h">
      <Filter>Header Files</Filter>
    </ClInclude>
    <ClInclude Include="source\core\threadpool.h">
      <Filter>Header Files</Filter>
    </ClInclude>
    <ClInclude Include="source\renderer\renderer_common.h">
      <Filter>Header Files</Filter>
    </ClInclude>
    <ClInclude Include="source\core\assets\asset_loader.h">
      <Filter>Header Files</Filter>
    </ClInclude>
    <ClInclude Include="source\core\assets\asset_types.h">
      <Filter>Header Files</Filter>
    </ClInclude>
    <ClInclude Include="source\renderer\acceleration_structure\tlas_builder.h">
      <Filter>Header Files</Filter>
    </ClInclude>
    <ClInclude Include="source\renderer\renderer_fwd.h">
      <Filter>Header Files</Filter>
    </ClInclude>
    <ClInclude Include="source\renderer\resource_slotmap.h">
      <Filter>Header Files</Filter>
    </ClInclude>
    <ClInclude Include="source\core\memory\memory_arena.h">
      <Filter>Header Files</Filter>
    </ClInclude>
    <ClInclude Include="source\core\memory\virtual_memory.h">
      <Filter>Header Files</Filter>
    </ClInclude>
    <ClInclude Include="source\core\containers\hashmap.h">
      <Filter>Header Files</Filter>
    </ClInclude>
    <ClInclude Include="source\core\hash.h">
      <Filter>Header Files</Filter>
    </ClInclude>
    <ClInclude Include="source\renderer\renderer.h">
      <Filter>Header Files</Filter>
    </ClInclude>
    <ClInclude Include="source\renderer\gpupathtracer.h">
      <Filter>Header Files</Filter>
    </ClInclude>
    <ClInclude Include="source\platform\windows\windows_common.h">
      <Filter>Header Files</Filter>
    </ClInclude>
    <ClInclude Include="source\renderer\dx12\dx12_common.h">
      <Filter>Header Files</Filter>
    </ClInclude>
    <ClInclude Include="source\renderer\dx12\dx12_descriptor.h">
      <Filter>Header Files</Filter>
    </ClInclude>
    <ClInclude Include="source\renderer\dx12\dx12_resource.h">
      <Filter>Header Files</Filter>
    </ClInclude>
    <ClInclude Include="source\renderer\dx12\dx12_include.h">
      <Filter>Header Files</Filter>
    </ClInclude>
    <ClInclude Include="source\renderer\acceleration_structure\bvh_builder.h">
      <Filter>Header Files</Filter>
    </ClInclude>
    <ClInclude Include="source\renderer\cpupathtracer.h">
      <Filter>Header Files</Filter>
    </ClInclude>
  </ItemGroup>
  <ItemGroup>
    <FxCompile Include="source\renderer\shaders\gpupathtracer.hlsl" />
  </ItemGroup>
</Project>